// !$*UTF8*$!
{
	archiveVersion = 1;
	classes = {
	};
	objectVersion = 77;
	objects = {

/* Begin PBXContainerItemProxy section */
		CA1B8FCD2D789999009929E5 /* PBXContainerItemProxy */ = {
			isa = PBXContainerItemProxy;
			containerPortal = CA1B8FB42D789998009929E5 /* Project object */;
			proxyType = 1;
			remoteGlobalIDString = CA1B8FBB2D789998009929E5;
			remoteInfo = SportsTransfer;
		};
		CA1B8FD72D789999009929E5 /* PBXContainerItemProxy */ = {
			isa = PBXContainerItemProxy;
			containerPortal = CA1B8FB42D789998009929E5 /* Project object */;
			proxyType = 1;
			remoteGlobalIDString = CA1B8FBB2D789998009929E5;
			remoteInfo = SportsTransfer;
		};
/* End PBXContainerItemProxy section */

/* Begin PBXFileReference section */
		CA1B8FBC2D789998009929E5 /* SportsTransfer.app */ = {isa = PBXFileReference; explicitFileType = wrapper.application; includeInIndex = 0; path = SportsTransfer.app; sourceTree = BUILT_PRODUCTS_DIR; };
		CA1B8FCC2D789999009929E5 /* SportsTransferTests.xctest */ = {isa = PBXFileReference; explicitFileType = wrapper.cfbundle; includeInIndex = 0; path = SportsTransferTests.xctest; sourceTree = BUILT_PRODUCTS_DIR; };
		CA1B8FD62D789999009929E5 /* SportsTransferUITests.xctest */ = {isa = PBXFileReference; explicitFileType = wrapper.cfbundle; includeInIndex = 0; path = SportsTransferUITests.xctest; sourceTree = BUILT_PRODUCTS_DIR; };
/* End PBXFileReference section */

/* Begin PBXFileSystemSynchronizedRootGroup section */
		CA1B8FBE2D789998009929E5 /* SportsTransfer */ = {
			isa = PBXFileSystemSynchronizedRootGroup;
			path = SportsTransfer;
			sourceTree = "<group>";
		};
		CA1B8FCF2D789999009929E5 /* SportsTransferTests */ = {
			isa = PBXFileSystemSynchronizedRootGroup;
			path = SportsTransferTests;
			sourceTree = "<group>";
		};
		CA1B8FD92D789999009929E5 /* SportsTransferUITests */ = {
			isa = PBXFileSystemSynchronizedRootGroup;
			path = SportsTransferUITests;
			sourceTree = "<group>";
		};
/* End PBXFileSystemSynchronizedRootGroup section */

/* Begin PBXFrameworksBuildPhase section */
		CA1B8FB92D789998009929E5 /* Frameworks */ = {
			isa = PBXFrameworksBuildPhase;
			buildActionMask = 2147483647;
			files = (
			);
			runOnlyForDeploymentPostprocessing = 0;
		};
		CA1B8FC92D789999009929E5 /* Frameworks */ = {
			isa = PBXFrameworksBuildPhase;
			buildActionMask = 2147483647;
			files = (
			);
			runOnlyForDeploymentPostprocessing = 0;
		};
		CA1B8FD32D789999009929E5 /* Frameworks */ = {
			isa = PBXFrameworksBuildPhase;
			buildActionMask = 2147483647;
			files = (
			);
			runOnlyForDeploymentPostprocessing = 0;
		};
/* End PBXFrameworksBuildPhase section */

/* Begin PBXGroup section */
		CA1B8FB32D789998009929E5 = {
			isa = PBXGroup;
			children = (
				CA1B8FBE2D789998009929E5 /* SportsTransfer */,
				CA1B8FCF2D789999009929E5 /* SportsTransferTests */,
				CA1B8FD92D789999009929E5 /* SportsTransferUITests */,
				CA1B8FBD2D789998009929E5 /* Products */,
			);
			sourceTree = "<group>";
		};
		CA1B8FBD2D789998009929E5 /* Products */ = {
			isa = PBXGroup;
			children = (
				CA1B8FBC2D789998009929E5 /* SportsTransfer.app */,
				CA1B8FCC2D789999009929E5 /* SportsTransferTests.xctest */,
				CA1B8FD62D789999009929E5 /* SportsTransferUITests.xctest */,
			);
			name = Products;
			sourceTree = "<group>";
		};
/* End PBXGroup section */

/* Begin PBXNativeTarget section */
		CA1B8FBB2D789998009929E5 /* SportsTransfer */ = {
			isa = PBXNativeTarget;
			buildConfigurationList = CA1B8FE02D789999009929E5 /* Build configuration list for PBXNativeTarget "SportsTransfer" */;
			buildPhases = (
				CA1B8FB82D789998009929E5 /* Sources */,
				CA1B8FB92D789998009929E5 /* Frameworks */,
				CA1B8FBA2D789998009929E5 /* Resources */,
			);
			buildRules = (
			);
			dependencies = (
			);
			fileSystemSynchronizedGroups = (
				CA1B8FBE2D789998009929E5 /* SportsTransfer */,
			);
			name = SportsTransfer;
			packageProductDependencies = (
			);
			productName = SportsTransfer;
			productReference = CA1B8FBC2D789998009929E5 /* SportsTransfer.app */;
			productType = "com.apple.product-type.application";
		};
		CA1B8FCB2D789999009929E5 /* SportsTransferTests */ = {
			isa = PBXNativeTarget;
			buildConfigurationList = CA1B8FE32D789999009929E5 /* Build configuration list for PBXNativeTarget "SportsTransferTests" */;
			buildPhases = (
				CA1B8FC82D789999009929E5 /* Sources */,
				CA1B8FC92D789999009929E5 /* Frameworks */,
				CA1B8FCA2D789999009929E5 /* Resources */,
			);
			buildRules = (
			);
			dependencies = (
				CA1B8FCE2D789999009929E5 /* PBXTargetDependency */,
			);
			fileSystemSynchronizedGroups = (
				CA1B8FCF2D789999009929E5 /* SportsTransferTests */,
			);
			name = SportsTransferTests;
			packageProductDependencies = (
			);
			productName = SportsTransferTests;
			productReference = CA1B8FCC2D789999009929E5 /* SportsTransferTests.xctest */;
			productType = "com.apple.product-type.bundle.unit-test";
		};
		CA1B8FD52D789999009929E5 /* SportsTransferUITests */ = {
			isa = PBXNativeTarget;
			buildConfigurationList = CA1B8FE62D789999009929E5 /* Build configuration list for PBXNativeTarget "SportsTransferUITests" */;
			buildPhases = (
				CA1B8FD22D789999009929E5 /* Sources */,
				CA1B8FD32D789999009929E5 /* Frameworks */,
				CA1B8FD42D789999009929E5 /* Resources */,
			);
			buildRules = (
			);
			dependencies = (
				CA1B8FD82D789999009929E5 /* PBXTargetDependency */,
			);
			fileSystemSynchronizedGroups = (
				CA1B8FD92D789999009929E5 /* SportsTransferUITests */,
			);
			name = SportsTransferUITests;
			packageProductDependencies = (
			);
			productName = SportsTransferUITests;
			productReference = CA1B8FD62D789999009929E5 /* SportsTransferUITests.xctest */;
			productType = "com.apple.product-type.bundle.ui-testing";
		};
/* End PBXNativeTarget section */

/* Begin PBXProject section */
		CA1B8FB42D789998009929E5 /* Project object */ = {
			isa = PBXProject;
			attributes = {
				BuildIndependentTargetsInParallel = 1;
				LastSwiftUpdateCheck = 1620;
				LastUpgradeCheck = 1620;
				TargetAttributes = {
					CA1B8FBB2D789998009929E5 = {
						CreatedOnToolsVersion = 16.2;
					};
					CA1B8FCB2D789999009929E5 = {
						CreatedOnToolsVersion = 16.2;
						TestTargetID = CA1B8FBB2D789998009929E5;
					};
					CA1B8FD52D789999009929E5 = {
						CreatedOnToolsVersion = 16.2;
						TestTargetID = CA1B8FBB2D789998009929E5;
					};
				};
			};
			buildConfigurationList = CA1B8FB72D789998009929E5 /* Build configuration list for PBXProject "SportsTransfer" */;
			developmentRegion = en;
			hasScannedForEncodings = 0;
			knownRegions = (
				en,
				Base,
			);
			mainGroup = CA1B8FB32D789998009929E5;
			minimizedProjectReferenceProxies = 1;
			preferredProjectObjectVersion = 77;
			productRefGroup = CA1B8FBD2D789998009929E5 /* Products */;
			projectDirPath = "";
			projectRoot = "";
			targets = (
				CA1B8FBB2D789998009929E5 /* SportsTransfer */,
				CA1B8FCB2D789999009929E5 /* SportsTransferTests */,
				CA1B8FD52D789999009929E5 /* SportsTransferUITests */,
			);
		};
/* End PBXProject section */

/* Begin PBXResourcesBuildPhase section */
		CA1B8FBA2D789998009929E5 /* Resources */ = {
			isa = PBXResourcesBuildPhase;
			buildActionMask = 2147483647;
			files = (
			);
			runOnlyForDeploymentPostprocessing = 0;
		};
		CA1B8FCA2D789999009929E5 /* Resources */ = {
			isa = PBXResourcesBuildPhase;
			buildActionMask = 2147483647;
			files = (
			);
			runOnlyForDeploymentPostprocessing = 0;
		};
		CA1B8FD42D789999009929E5 /* Resources */ = {
			isa = PBXResourcesBuildPhase;
			buildActionMask = 2147483647;
			files = (
			);
			runOnlyForDeploymentPostprocessing = 0;
		};
/* End PBXResourcesBuildPhase section */

/* Begin PBXSourcesBuildPhase section */
		CA1B8FB82D789998009929E5 /* Sources */ = {
			isa = PBXSourcesBuildPhase;
			buildActionMask = 2147483647;
			files = (
			);
			runOnlyForDeploymentPostprocessing = 0;
		};
		CA1B8FC82D789999009929E5 /* Sources */ = {
			isa = PBXSourcesBuildPhase;
			buildActionMask = 2147483647;
			files = (
			);
			runOnlyForDeploymentPostprocessing = 0;
		};
		CA1B8FD22D789999009929E5 /* Sources */ = {
			isa = PBXSourcesBuildPhase;
			buildActionMask = 2147483647;
			files = (
			);
			runOnlyForDeploymentPostprocessing = 0;
		};
/* End PBXSourcesBuildPhase section */

/* Begin PBXTargetDependency section */
		CA1B8FCE2D789999009929E5 /* PBXTargetDependency */ = {
			isa = PBXTargetDependency;
			target = CA1B8FBB2D789998009929E5 /* SportsTransfer */;
			targetProxy = CA1B8FCD2D789999009929E5 /* PBXContainerItemProxy */;
		};
		CA1B8FD82D789999009929E5 /* PBXTargetDependency */ = {
			isa = PBXTargetDependency;
			target = CA1B8FBB2D789998009929E5 /* SportsTransfer */;
			targetProxy = CA1B8FD72D789999009929E5 /* PBXContainerItemProxy */;
		};
/* End PBXTargetDependency section */

/* Begin XCBuildConfiguration section */
		CA1B8FDE2D789999009929E5 /* Debug */ = {
			isa = XCBuildConfiguration;
			buildSettings = {
				ALWAYS_SEARCH_USER_PATHS = NO;
				ASSETCATALOG_COMPILER_GENERATE_SWIFT_ASSET_SYMBOL_EXTENSIONS = YES;
				CLANG_ANALYZER_NONNULL = YES;
				CLANG_ANALYZER_NUMBER_OBJECT_CONVERSION = YES_AGGRESSIVE;
				CLANG_CXX_LANGUAGE_STANDARD = "gnu++20";
				CLANG_ENABLE_MODULES = YES;
				CLANG_ENABLE_OBJC_ARC = YES;
				CLANG_ENABLE_OBJC_WEAK = YES;
				CLANG_WARN_BLOCK_CAPTURE_AUTORELEASING = YES;
				CLANG_WARN_BOOL_CONVERSION = YES;
				CLANG_WARN_COMMA = YES;
				CLANG_WARN_CONSTANT_CONVERSION = YES;
				CLANG_WARN_DEPRECATED_OBJC_IMPLEMENTATIONS = YES;
				CLANG_WARN_DIRECT_OBJC_ISA_USAGE = YES_ERROR;
				CLANG_WARN_DOCUMENTATION_COMMENTS = YES;
				CLANG_WARN_EMPTY_BODY = YES;
				CLANG_WARN_ENUM_CONVERSION = YES;
				CLANG_WARN_INFINITE_RECURSION = YES;
				CLANG_WARN_INT_CONVERSION = YES;
				CLANG_WARN_NON_LITERAL_NULL_CONVERSION = YES;
				CLANG_WARN_OBJC_IMPLICIT_RETAIN_SELF = YES;
				CLANG_WARN_OBJC_LITERAL_CONVERSION = YES;
				CLANG_WARN_OBJC_ROOT_CLASS = YES_ERROR;
				CLANG_WARN_QUOTED_INCLUDE_IN_FRAMEWORK_HEADER = YES;
				CLANG_WARN_RANGE_LOOP_ANALYSIS = YES;
				CLANG_WARN_STRICT_PROTOTYPES = YES;
				CLANG_WARN_SUSPICIOUS_MOVE = YES;
				CLANG_WARN_UNGUARDED_AVAILABILITY = YES_AGGRESSIVE;
				CLANG_WARN_UNREACHABLE_CODE = YES;
				CLANG_WARN__DUPLICATE_METHOD_MATCH = YES;
				COPY_PHASE_STRIP = NO;
				DEBUG_INFORMATION_FORMAT = dwarf;
				ENABLE_STRICT_OBJC_MSGSEND = YES;
				ENABLE_TESTABILITY = YES;
				ENABLE_USER_SCRIPT_SANDBOXING = YES;
				GCC_C_LANGUAGE_STANDARD = gnu17;
				GCC_DYNAMIC_NO_PIC = NO;
				GCC_NO_COMMON_BLOCKS = YES;
				GCC_OPTIMIZATION_LEVEL = 0;
				GCC_PREPROCESSOR_DEFINITIONS = (
					"DEBUG=1",
					"$(inherited)",
				);
				GCC_WARN_64_TO_32_BIT_CONVERSION = YES;
				GCC_WARN_ABOUT_RETURN_TYPE = YES_ERROR;
				GCC_WARN_UNDECLARED_SELECTOR = YES;
				GCC_WARN_UNINITIALIZED_AUTOS = YES_AGGRESSIVE;
				GCC_WARN_UNUSED_FUNCTION = YES;
				GCC_WARN_UNUSED_VARIABLE = YES;
				IPHONEOS_DEPLOYMENT_TARGET = 18.2;
				LOCALIZATION_PREFERS_STRING_CATALOGS = YES;
				MTL_ENABLE_DEBUG_INFO = INCLUDE_SOURCE;
				MTL_FAST_MATH = YES;
				ONLY_ACTIVE_ARCH = YES;
				SDKROOT = iphoneos;
				SWIFT_ACTIVE_COMPILATION_CONDITIONS = "DEBUG $(inherited)";
				SWIFT_OPTIMIZATION_LEVEL = "-Onone";
			};
			name = Debug;
		};
		CA1B8FDF2D789999009929E5 /* Release */ = {
			isa = XCBuildConfiguration;
			buildSettings = {
				ALWAYS_SEARCH_USER_PATHS = NO;
				ASSETCATALOG_COMPILER_GENERATE_SWIFT_ASSET_SYMBOL_EXTENSIONS = YES;
				CLANG_ANALYZER_NONNULL = YES;
				CLANG_ANALYZER_NUMBER_OBJECT_CONVERSION = YES_AGGRESSIVE;
				CLANG_CXX_LANGUAGE_STANDARD = "gnu++20";
				CLANG_ENABLE_MODULES = YES;
				CLANG_ENABLE_OBJC_ARC = YES;
				CLANG_ENABLE_OBJC_WEAK = YES;
				CLANG_WARN_BLOCK_CAPTURE_AUTORELEASING = YES;
				CLANG_WARN_BOOL_CONVERSION = YES;
				CLANG_WARN_COMMA = YES;
				CLANG_WARN_CONSTANT_CONVERSION = YES;
				CLANG_WARN_DEPRECATED_OBJC_IMPLEMENTATIONS = YES;
				CLANG_WARN_DIRECT_OBJC_ISA_USAGE = YES_ERROR;
				CLANG_WARN_DOCUMENTATION_COMMENTS = YES;
				CLANG_WARN_EMPTY_BODY = YES;
				CLANG_WARN_ENUM_CONVERSION = YES;
				CLANG_WARN_INFINITE_RECURSION = YES;
				CLANG_WARN_INT_CONVERSION = YES;
				CLANG_WARN_NON_LITERAL_NULL_CONVERSION = YES;
				CLANG_WARN_OBJC_IMPLICIT_RETAIN_SELF = YES;
				CLANG_WARN_OBJC_LITERAL_CONVERSION = YES;
				CLANG_WARN_OBJC_ROOT_CLASS = YES_ERROR;
				CLANG_WARN_QUOTED_INCLUDE_IN_FRAMEWORK_HEADER = YES;
				CLANG_WARN_RANGE_LOOP_ANALYSIS = YES;
				CLANG_WARN_STRICT_PROTOTYPES = YES;
				CLANG_WARN_SUSPICIOUS_MOVE = YES;
				CLANG_WARN_UNGUARDED_AVAILABILITY = YES_AGGRESSIVE;
				CLANG_WARN_UNREACHABLE_CODE = YES;
				CLANG_WARN__DUPLICATE_METHOD_MATCH = YES;
				COPY_PHASE_STRIP = NO;
				DEBUG_INFORMATION_FORMAT = "dwarf-with-dsym";
				ENABLE_NS_ASSERTIONS = NO;
				ENABLE_STRICT_OBJC_MSGSEND = YES;
				ENABLE_USER_SCRIPT_SANDBOXING = YES;
				GCC_C_LANGUAGE_STANDARD = gnu17;
				GCC_NO_COMMON_BLOCKS = YES;
				GCC_WARN_64_TO_32_BIT_CONVERSION = YES;
				GCC_WARN_ABOUT_RETURN_TYPE = YES_ERROR;
				GCC_WARN_UNDECLARED_SELECTOR = YES;
				GCC_WARN_UNINITIALIZED_AUTOS = YES_AGGRESSIVE;
				GCC_WARN_UNUSED_FUNCTION = YES;
				GCC_WARN_UNUSED_VARIABLE = YES;
				IPHONEOS_DEPLOYMENT_TARGET = 18.2;
				LOCALIZATION_PREFERS_STRING_CATALOGS = YES;
				MTL_ENABLE_DEBUG_INFO = NO;
				MTL_FAST_MATH = YES;
				SDKROOT = iphoneos;
				SWIFT_COMPILATION_MODE = wholemodule;
				VALIDATE_PRODUCT = YES;
			};
			name = Release;
		};
		CA1B8FE12D789999009929E5 /* Debug */ = {
			isa = XCBuildConfiguration;
			buildSettings = {
				ASSETCATALOG_COMPILER_APPICON_NAME = AppIcon;
				ASSETCATALOG_COMPILER_GLOBAL_ACCENT_COLOR_NAME = AccentColor;
				CODE_SIGN_STYLE = Automatic;
				CURRENT_PROJECT_VERSION = 1;
				DEVELOPMENT_ASSET_PATHS = "\"SportsTransfer/Preview Content\"";
				DEVELOPMENT_TEAM = 44DQ3FBN9G;
				ENABLE_PREVIEWS = YES;
				GENERATE_INFOPLIST_FILE = YES;
				INFOPLIST_KEY_UIApplicationSceneManifest_Generation = YES;
				INFOPLIST_KEY_UIApplicationSupportsIndirectInputEvents = YES;
				INFOPLIST_KEY_UILaunchScreen_Generation = YES;
				INFOPLIST_KEY_UISupportedInterfaceOrientations_iPad = "UIInterfaceOrientationPortrait UIInterfaceOrientationPortraitUpsideDown UIInterfaceOrientationLandscapeLeft UIInterfaceOrientationLandscapeRight";
				INFOPLIST_KEY_UISupportedInterfaceOrientations_iPhone = "UIInterfaceOrientationPortrait UIInterfaceOrientationLandscapeLeft UIInterfaceOrientationLandscapeRight";
				LD_RUNPATH_SEARCH_PATHS = (
					"$(inherited)",
					"@executable_path/Frameworks",
				);
				MARKETING_VERSION = 1.0;
				PRODUCT_BUNDLE_IDENTIFIER = com.marioeggimann.SportsTransfer;
				PRODUCT_NAME = "$(TARGET_NAME)";
				SWIFT_EMIT_LOC_STRINGS = YES;
				SWIFT_VERSION = 5.0;
				TARGETED_DEVICE_FAMILY = "1,2";
			};
			name = Debug;
		};
		CA1B8FE22D789999009929E5 /* Release */ = {
			isa = XCBuildConfiguration;
			buildSettings = {
				ASSETCATALOG_COMPILER_APPICON_NAME = AppIcon;
				ASSETCATALOG_COMPILER_GLOBAL_ACCENT_COLOR_NAME = AccentColor;
				CODE_SIGN_STYLE = Automatic;
				CURRENT_PROJECT_VERSION = 1;
				DEVELOPMENT_ASSET_PATHS = "\"SportsTransfer/Preview Content\"";
				DEVELOPMENT_TEAM = 44DQ3FBN9G;
				ENABLE_PREVIEWS = YES;
				GENERATE_INFOPLIST_FILE = YES;
				INFOPLIST_KEY_UIApplicationSceneManifest_Generation = YES;
				INFOPLIST_KEY_UIApplicationSupportsIndirectInputEvents = YES;
				INFOPLIST_KEY_UILaunchScreen_Generation = YES;
				INFOPLIST_KEY_UISupportedInterfaceOrientations_iPad = "UIInterfaceOrientationPortrait UIInterfaceOrientationPortraitUpsideDown UIInterfaceOrientationLandscapeLeft UIInterfaceOrientationLandscapeRight";
				INFOPLIST_KEY_UISupportedInterfaceOrientations_iPhone = "UIInterfaceOrientationPortrait UIInterfaceOrientationLandscapeLeft UIInterfaceOrientationLandscapeRight";
				LD_RUNPATH_SEARCH_PATHS = (
					"$(inherited)",
					"@executable_path/Frameworks",
				);
				MARKETING_VERSION = 1.0;
				PRODUCT_BUNDLE_IDENTIFIER = com.marioeggimann.SportsTransfer;
				PRODUCT_NAME = "$(TARGET_NAME)";
				SWIFT_EMIT_LOC_STRINGS = YES;
				SWIFT_VERSION = 5.0;
				TARGETED_DEVICE_FAMILY = "1,2";
			};
			name = Release;
		};
		CA1B8FE42D789999009929E5 /* Debug */ = {
			isa = XCBuildConfiguration;
			buildSettings = {
				BUNDLE_LOADER = "$(TEST_HOST)";
				CODE_SIGN_STYLE = Automatic;
				CURRENT_PROJECT_VERSION = 1;
				DEVELOPMENT_TEAM = 44DQ3FBN9G;
				GENERATE_INFOPLIST_FILE = YES;
				IPHONEOS_DEPLOYMENT_TARGET = 18.2;
				MARKETING_VERSION = 1.0;
				PRODUCT_BUNDLE_IDENTIFIER = com.marioeggimann.SportsTransferTests;
				PRODUCT_NAME = "$(TARGET_NAME)";
				SWIFT_EMIT_LOC_STRINGS = NO;
				SWIFT_VERSION = 5.0;
				TARGETED_DEVICE_FAMILY = "1,2";
				TEST_HOST = "$(BUILT_PRODUCTS_DIR)/SportsTransfer.app/$(BUNDLE_EXECUTABLE_FOLDER_PATH)/SportsTransfer";
			};
			name = Debug;
		};
		CA1B8FE52D789999009929E5 /* Release */ = {
			isa = XCBuildConfiguration;
			buildSettings = {
				BUNDLE_LOADER = "$(TEST_HOST)";
				CODE_SIGN_STYLE = Automatic;
				CURRENT_PROJECT_VERSION = 1;
				DEVELOPMENT_TEAM = 44DQ3FBN9G;
				GENERATE_INFOPLIST_FILE = YES;
				IPHONEOS_DEPLOYMENT_TARGET = 18.2;
				MARKETING_VERSION = 1.0;
				PRODUCT_BUNDLE_IDENTIFIER = com.marioeggimann.SportsTransferTests;
				PRODUCT_NAME = "$(TARGET_NAME)";
				SWIFT_EMIT_LOC_STRINGS = NO;
				SWIFT_VERSION = 5.0;
				TARGETED_DEVICE_FAMILY = "1,2";
				TEST_HOST = "$(BUILT_PRODUCTS_DIR)/SportsTransfer.app/$(BUNDLE_EXECUTABLE_FOLDER_PATH)/SportsTransfer";
			};
			name = Release;
		};
		CA1B8FE72D789999009929E5 /* Debug */ = {
			isa = XCBuildConfiguration;
			buildSettings = {
				CODE_SIGN_STYLE = Automatic;
				CURRENT_PROJECT_VERSION = 1;
				DEVELOPMENT_TEAM = 44DQ3FBN9G;
				GENERATE_INFOPLIST_FILE = YES;
				MARKETING_VERSION = 1.0;
				PRODUCT_BUNDLE_IDENTIFIER = com.marioeggimann.SportsTransferUITests;
				PRODUCT_NAME = "$(TARGET_NAME)";
				SWIFT_EMIT_LOC_STRINGS = NO;
				SWIFT_VERSION = 5.0;
				TARGETED_DEVICE_FAMILY = "1,2";
				TEST_TARGET_NAME = SportsTransfer;
			};
			name = Debug;
		};
		CA1B8FE82D789999009929E5 /* Release */ = {
			isa = XCBuildConfiguration;
			buildSettings = {
				CODE_SIGN_STYLE = Automatic;
				CURRENT_PROJECT_VERSION = 1;
				DEVELOPMENT_TEAM = 44DQ3FBN9G;
				GENERATE_INFOPLIST_FILE = YES;
				MARKETING_VERSION = 1.0;
				PRODUCT_BUNDLE_IDENTIFIER = com.marioeggimann.SportsTransferUITests;
				PRODUCT_NAME = "$(TARGET_NAME)";
				SWIFT_EMIT_LOC_STRINGS = NO;
				SWIFT_VERSION = 5.0;
				TARGETED_DEVICE_FAMILY = "1,2";
				TEST_TARGET_NAME = SportsTransfer;
			};
			name = Release;
		};
/* End XCBuildConfiguration section */

/* Begin XCConfigurationList section */
		CA1B8FB72D789998009929E5 /* Build configuration list for PBXProject "SportsTransfer" */ = {
			isa = XCConfigurationList;
			buildConfigurations = (
				CA1B8FDE2D789999009929E5 /* Debug */,
				CA1B8FDF2D789999009929E5 /* Release */,
			);
			defaultConfigurationIsVisible = 0;
			defaultConfigurationName = Release;
		};
		CA1B8FE02D789999009929E5 /* Build configuration list for PBXNativeTarget "SportsTransfer" */ = {
			isa = XCConfigurationList;
			buildConfigurations = (
				CA1B8FE12D789999009929E5 /* Debug */,
				CA1B8FE22D789999009929E5 /* Release */,
			);
			defaultConfigurationIsVisible = 0;
			defaultConfigurationName = Release;
		};
		CA1B8FE32D789999009929E5 /* Build configuration list for PBXNativeTarget "SportsTransferTests" */ = {
			isa = XCConfigurationList;
			buildConfigurations = (
				CA1B8FE42D789999009929E5 /* Debug */,
				CA1B8FE52D789999009929E5 /* Release */,
			);
			defaultConfigurationIsVisible = 0;
			defaultConfigurationName = Release;
		};
		CA1B8FE62D789999009929E5 /* Build configuration list for PBXNativeTarget "SportsTransferUITests" */ = {
			isa = XCConfigurationList;
			buildConfigurations = (
				CA1B8FE72D789999009929E5 /* Debug */,
				CA1B8FE82D789999009929E5 /* Release */,
			);
			defaultConfigurationIsVisible = 0;
			defaultConfigurationName = Release;
		};
/* End XCConfigurationList section */
	};
	rootObject = CA1B8FB42D789998009929E5 /* Project object */;
}
